// !$*UTF8*$!
{
	archiveVersion = 1;
	classes = {
	};
	objectVersion = 55;
	objects = {

/* Begin PBXBuildFile section */
		F8D2D2762831587D00DD03F1 /* AppDelegate.swift in Sources */ = {isa = PBXBuildFile; fileRef = F8D2D2752831587D00DD03F1 /* AppDelegate.swift */; };
		F8D2D2782831587D00DD03F1 /* SceneDelegate.swift in Sources */ = {isa = PBXBuildFile; fileRef = F8D2D2772831587D00DD03F1 /* SceneDelegate.swift */; };
		F8D2D27F2831587E00DD03F1 /* Assets.xcassets in Resources */ = {isa = PBXBuildFile; fileRef = F8D2D27E2831587E00DD03F1 /* Assets.xcassets */; };
		F8D2D2822831587E00DD03F1 /* LaunchScreen.storyboard in Resources */ = {isa = PBXBuildFile; fileRef = F8D2D2802831587E00DD03F1 /* LaunchScreen.storyboard */; };
		F8D2D28D2831587E00DD03F1 /* HeronTests.swift in Sources */ = {isa = PBXBuildFile; fileRef = F8D2D28C2831587E00DD03F1 /* HeronTests.swift */; };
		F8D2D2AD2831643B00DD03F1 /* HeronUITests.swift in Sources */ = {isa = PBXBuildFile; fileRef = F8D2D2962831587E00DD03F1 /* HeronUITests.swift */; };
		F8D2D2AE2831643B00DD03F1 /* HeronUITestsLaunchTests.swift in Sources */ = {isa = PBXBuildFile; fileRef = F8D2D2982831587E00DD03F1 /* HeronUITestsLaunchTests.swift */; };
/* End PBXBuildFile section */

/* Begin PBXContainerItemProxy section */
		F8D2D2892831587E00DD03F1 /* PBXContainerItemProxy */ = {
			isa = PBXContainerItemProxy;
			containerPortal = F8D2D26A2831587D00DD03F1 /* Project object */;
			proxyType = 1;
			remoteGlobalIDString = F8D2D2712831587D00DD03F1;
			remoteInfo = Heron;
		};
		F8D2D2932831587E00DD03F1 /* PBXContainerItemProxy */ = {
			isa = PBXContainerItemProxy;
			containerPortal = F8D2D26A2831587D00DD03F1 /* Project object */;
			proxyType = 1;
			remoteGlobalIDString = F8D2D2712831587D00DD03F1;
			remoteInfo = Heron;
		};
/* End PBXContainerItemProxy section */

/* Begin PBXFileReference section */
		F8D2D2722831587D00DD03F1 /* Heron.app */ = {isa = PBXFileReference; explicitFileType = wrapper.application; includeInIndex = 0; path = Heron.app; sourceTree = BUILT_PRODUCTS_DIR; };
		F8D2D2752831587D00DD03F1 /* AppDelegate.swift */ = {isa = PBXFileReference; lastKnownFileType = sourcecode.swift; path = AppDelegate.swift; sourceTree = "<group>"; };
		F8D2D2772831587D00DD03F1 /* SceneDelegate.swift */ = {isa = PBXFileReference; lastKnownFileType = sourcecode.swift; path = SceneDelegate.swift; sourceTree = "<group>"; };
		F8D2D27E2831587E00DD03F1 /* Assets.xcassets */ = {isa = PBXFileReference; lastKnownFileType = folder.assetcatalog; path = Assets.xcassets; sourceTree = "<group>"; };
		F8D2D2812831587E00DD03F1 /* Base */ = {isa = PBXFileReference; lastKnownFileType = file.storyboard; name = Base; path = Base.lproj/LaunchScreen.storyboard; sourceTree = "<group>"; };
		F8D2D2832831587E00DD03F1 /* Info.plist */ = {isa = PBXFileReference; lastKnownFileType = text.plist.xml; path = Info.plist; sourceTree = "<group>"; };
		F8D2D2882831587E00DD03F1 /* HeronTests.xctest */ = {isa = PBXFileReference; explicitFileType = wrapper.cfbundle; includeInIndex = 0; path = HeronTests.xctest; sourceTree = BUILT_PRODUCTS_DIR; };
		F8D2D28C2831587E00DD03F1 /* HeronTests.swift */ = {isa = PBXFileReference; lastKnownFileType = sourcecode.swift; path = HeronTests.swift; sourceTree = "<group>"; };
		F8D2D2922831587E00DD03F1 /* HeronUITests.xctest */ = {isa = PBXFileReference; explicitFileType = wrapper.cfbundle; includeInIndex = 0; path = HeronUITests.xctest; sourceTree = BUILT_PRODUCTS_DIR; };
		F8D2D2962831587E00DD03F1 /* HeronUITests.swift */ = {isa = PBXFileReference; lastKnownFileType = sourcecode.swift; path = HeronUITests.swift; sourceTree = "<group>"; };
		F8D2D2982831587E00DD03F1 /* HeronUITestsLaunchTests.swift */ = {isa = PBXFileReference; lastKnownFileType = sourcecode.swift; path = HeronUITestsLaunchTests.swift; sourceTree = "<group>"; };
/* End PBXFileReference section */

/* Begin PBXFrameworksBuildPhase section */
		F8D2D26F2831587D00DD03F1 /* Frameworks */ = {
			isa = PBXFrameworksBuildPhase;
			buildActionMask = 2147483647;
			files = (
			);
			runOnlyForDeploymentPostprocessing = 0;
		};
		F8D2D2852831587E00DD03F1 /* Frameworks */ = {
			isa = PBXFrameworksBuildPhase;
			buildActionMask = 2147483647;
			files = (
			);
			runOnlyForDeploymentPostprocessing = 0;
		};
		F8D2D28F2831587E00DD03F1 /* Frameworks */ = {
			isa = PBXFrameworksBuildPhase;
			buildActionMask = 2147483647;
			files = (
			);
			runOnlyForDeploymentPostprocessing = 0;
		};
/* End PBXFrameworksBuildPhase section */

/* Begin PBXGroup section */
		F8D2D2692831587D00DD03F1 = {
			isa = PBXGroup;
			children = (
				F8D2D2742831587D00DD03F1 /* Sources */,
				F8D2D28B2831587E00DD03F1 /* Tests */,
				F8D2D2732831587D00DD03F1 /* Products */,
			);
			sourceTree = "<group>";
		};
		F8D2D2732831587D00DD03F1 /* Products */ = {
			isa = PBXGroup;
			children = (
				F8D2D2722831587D00DD03F1 /* Heron.app */,
				F8D2D2882831587E00DD03F1 /* HeronTests.xctest */,
				F8D2D2922831587E00DD03F1 /* HeronUITests.xctest */,
			);
			name = Products;
			sourceTree = "<group>";
		};
		F8D2D2742831587D00DD03F1 /* Sources */ = {
			isa = PBXGroup;
			children = (
				F8D2D2A52831623800DD03F1 /* App */,
				F8D2D2A62831624700DD03F1 /* Resources */,
			);
			path = Sources;
			sourceTree = "<group>";
		};
		F8D2D28B2831587E00DD03F1 /* Tests */ = {
			isa = PBXGroup;
			children = (
				F8D2D28C2831587E00DD03F1 /* HeronTests.swift */,
				F8D2D2962831587E00DD03F1 /* HeronUITests.swift */,
				F8D2D2982831587E00DD03F1 /* HeronUITestsLaunchTests.swift */,
			);
			path = Tests;
			sourceTree = "<group>";
		};
		F8D2D2A52831623800DD03F1 /* App */ = {
			isa = PBXGroup;
			children = (
				F8D2D2752831587D00DD03F1 /* AppDelegate.swift */,
				F8D2D2772831587D00DD03F1 /* SceneDelegate.swift */,
			);
			path = App;
			sourceTree = "<group>";
		};
		F8D2D2A62831624700DD03F1 /* Resources */ = {
			isa = PBXGroup;
			children = (
				F8D2D27E2831587E00DD03F1 /* Assets.xcassets */,
				F8D2D2802831587E00DD03F1 /* LaunchScreen.storyboard */,
				F8D2D2832831587E00DD03F1 /* Info.plist */,
			);
			path = Resources;
			sourceTree = "<group>";
		};
/* End PBXGroup section */

/* Begin PBXNativeTarget section */
		F8D2D2712831587D00DD03F1 /* Heron */ = {
			isa = PBXNativeTarget;
			buildConfigurationList = F8D2D29C2831587E00DD03F1 /* Build configuration list for PBXNativeTarget "Heron" */;
			buildPhases = (
				F8D2D26E2831587D00DD03F1 /* Sources */,
				F8D2D26F2831587D00DD03F1 /* Frameworks */,
				F8D2D2702831587D00DD03F1 /* Resources */,
			);
			buildRules = (
			);
			dependencies = (
			);
			name = Heron;
			productName = Heron;
			productReference = F8D2D2722831587D00DD03F1 /* Heron.app */;
			productType = "com.apple.product-type.application";
		};
		F8D2D2872831587E00DD03F1 /* HeronTests */ = {
			isa = PBXNativeTarget;
			buildConfigurationList = F8D2D29F2831587E00DD03F1 /* Build configuration list for PBXNativeTarget "HeronTests" */;
			buildPhases = (
				F8D2D2842831587E00DD03F1 /* Sources */,
				F8D2D2852831587E00DD03F1 /* Frameworks */,
				F8D2D2862831587E00DD03F1 /* Resources */,
			);
			buildRules = (
			);
			dependencies = (
				F8D2D28A2831587E00DD03F1 /* PBXTargetDependency */,
			);
			name = HeronTests;
			productName = HeronTests;
			productReference = F8D2D2882831587E00DD03F1 /* HeronTests.xctest */;
			productType = "com.apple.product-type.bundle.unit-test";
		};
		F8D2D2912831587E00DD03F1 /* HeronUITests */ = {
			isa = PBXNativeTarget;
			buildConfigurationList = F8D2D2A22831587E00DD03F1 /* Build configuration list for PBXNativeTarget "HeronUITests" */;
			buildPhases = (
				F8D2D28E2831587E00DD03F1 /* Sources */,
				F8D2D28F2831587E00DD03F1 /* Frameworks */,
				F8D2D2902831587E00DD03F1 /* Resources */,
			);
			buildRules = (
			);
			dependencies = (
				F8D2D2942831587E00DD03F1 /* PBXTargetDependency */,
			);
			name = HeronUITests;
			productName = HeronUITests;
			productReference = F8D2D2922831587E00DD03F1 /* HeronUITests.xctest */;
			productType = "com.apple.product-type.bundle.ui-testing";
		};
/* End PBXNativeTarget section */

/* Begin PBXProject section */
		F8D2D26A2831587D00DD03F1 /* Project object */ = {
			isa = PBXProject;
			attributes = {
				BuildIndependentTargetsInParallel = 1;
				LastSwiftUpdateCheck = 1340;
				LastUpgradeCheck = 1340;
				TargetAttributes = {
					F8D2D2712831587D00DD03F1 = {
						CreatedOnToolsVersion = 13.4;
					};
					F8D2D2872831587E00DD03F1 = {
						CreatedOnToolsVersion = 13.4;
						TestTargetID = F8D2D2712831587D00DD03F1;
					};
					F8D2D2912831587E00DD03F1 = {
						CreatedOnToolsVersion = 13.4;
						TestTargetID = F8D2D2712831587D00DD03F1;
					};
				};
			};
			buildConfigurationList = F8D2D26D2831587D00DD03F1 /* Build configuration list for PBXProject "Heron" */;
			compatibilityVersion = "Xcode 13.0";
			developmentRegion = en;
			hasScannedForEncodings = 0;
			knownRegions = (
				en,
				Base,
			);
			mainGroup = F8D2D2692831587D00DD03F1;
			productRefGroup = F8D2D2732831587D00DD03F1 /* Products */;
			projectDirPath = "";
			projectRoot = "";
			targets = (
				F8D2D2712831587D00DD03F1 /* Heron */,
				F8D2D2872831587E00DD03F1 /* HeronTests */,
				F8D2D2912831587E00DD03F1 /* HeronUITests */,
			);
		};
/* End PBXProject section */

/* Begin PBXResourcesBuildPhase section */
		F8D2D2702831587D00DD03F1 /* Resources */ = {
			isa = PBXResourcesBuildPhase;
			buildActionMask = 2147483647;
			files = (
				F8D2D2822831587E00DD03F1 /* LaunchScreen.storyboard in Resources */,
				F8D2D27F2831587E00DD03F1 /* Assets.xcassets in Resources */,
			);
			runOnlyForDeploymentPostprocessing = 0;
		};
		F8D2D2862831587E00DD03F1 /* Resources */ = {
			isa = PBXResourcesBuildPhase;
			buildActionMask = 2147483647;
			files = (
			);
			runOnlyForDeploymentPostprocessing = 0;
		};
		F8D2D2902831587E00DD03F1 /* Resources */ = {
			isa = PBXResourcesBuildPhase;
			buildActionMask = 2147483647;
			files = (
			);
			runOnlyForDeploymentPostprocessing = 0;
		};
/* End PBXResourcesBuildPhase section */

/* Begin PBXSourcesBuildPhase section */
		F8D2D26E2831587D00DD03F1 /* Sources */ = {
			isa = PBXSourcesBuildPhase;
			buildActionMask = 2147483647;
			files = (
				F8D2D2762831587D00DD03F1 /* AppDelegate.swift in Sources */,
				F8D2D2782831587D00DD03F1 /* SceneDelegate.swift in Sources */,
			);
			runOnlyForDeploymentPostprocessing = 0;
		};
		F8D2D2842831587E00DD03F1 /* Sources */ = {
			isa = PBXSourcesBuildPhase;
			buildActionMask = 2147483647;
			files = (
				F8D2D28D2831587E00DD03F1 /* HeronTests.swift in Sources */,
			);
			runOnlyForDeploymentPostprocessing = 0;
		};
		F8D2D28E2831587E00DD03F1 /* Sources */ = {
			isa = PBXSourcesBuildPhase;
			buildActionMask = 2147483647;
			files = (
				F8D2D2AD2831643B00DD03F1 /* HeronUITests.swift in Sources */,
				F8D2D2AE2831643B00DD03F1 /* HeronUITestsLaunchTests.swift in Sources */,
			);
			runOnlyForDeploymentPostprocessing = 0;
		};
/* End PBXSourcesBuildPhase section */

/* Begin PBXTargetDependency section */
		F8D2D28A2831587E00DD03F1 /* PBXTargetDependency */ = {
			isa = PBXTargetDependency;
			target = F8D2D2712831587D00DD03F1 /* Heron */;
			targetProxy = F8D2D2892831587E00DD03F1 /* PBXContainerItemProxy */;
		};
		F8D2D2942831587E00DD03F1 /* PBXTargetDependency */ = {
			isa = PBXTargetDependency;
			target = F8D2D2712831587D00DD03F1 /* Heron */;
			targetProxy = F8D2D2932831587E00DD03F1 /* PBXContainerItemProxy */;
		};
/* End PBXTargetDependency section */

/* Begin PBXVariantGroup section */
		F8D2D2802831587E00DD03F1 /* LaunchScreen.storyboard */ = {
			isa = PBXVariantGroup;
			children = (
				F8D2D2812831587E00DD03F1 /* Base */,
			);
			name = LaunchScreen.storyboard;
			sourceTree = "<group>";
		};
/* End PBXVariantGroup section */

/* Begin XCBuildConfiguration section */
		F8D2D29A2831587E00DD03F1 /* Debug */ = {
			isa = XCBuildConfiguration;
			buildSettings = {
				ALWAYS_SEARCH_USER_PATHS = NO;
				CLANG_ANALYZER_GCD_PERFORMANCE = YES;
				CLANG_ANALYZER_NONNULL = YES;
				CLANG_ANALYZER_NUMBER_OBJECT_CONVERSION = YES_AGGRESSIVE;
				CLANG_CXX_LANGUAGE_STANDARD = "gnu++17";
				CLANG_ENABLE_MODULES = YES;
				CLANG_ENABLE_OBJC_ARC = YES;
				CLANG_ENABLE_OBJC_WEAK = YES;
				CLANG_TIDY_BUGPRONE_REDUNDANT_BRANCH_CONDITION = YES;
				CLANG_TIDY_MISC_REDUNDANT_EXPRESSION = YES;
				CLANG_WARN_BLOCK_CAPTURE_AUTORELEASING = YES;
				CLANG_WARN_BOOL_CONVERSION = YES;
				CLANG_WARN_COMMA = YES;
				CLANG_WARN_CONSTANT_CONVERSION = YES;
				CLANG_WARN_DEPRECATED_OBJC_IMPLEMENTATIONS = YES;
				CLANG_WARN_DIRECT_OBJC_ISA_USAGE = YES_ERROR;
				CLANG_WARN_DOCUMENTATION_COMMENTS = YES;
				CLANG_WARN_EMPTY_BODY = YES;
				CLANG_WARN_ENUM_CONVERSION = YES;
				CLANG_WARN_INFINITE_RECURSION = YES;
				CLANG_WARN_INT_CONVERSION = YES;
				CLANG_WARN_NON_LITERAL_NULL_CONVERSION = YES;
				CLANG_WARN_OBJC_IMPLICIT_RETAIN_SELF = YES;
				CLANG_WARN_OBJC_LITERAL_CONVERSION = YES;
				CLANG_WARN_OBJC_ROOT_CLASS = YES_ERROR;
				CLANG_WARN_QUOTED_INCLUDE_IN_FRAMEWORK_HEADER = YES;
				CLANG_WARN_RANGE_LOOP_ANALYSIS = YES;
				CLANG_WARN_STRICT_PROTOTYPES = YES;
				CLANG_WARN_SUSPICIOUS_MOVE = YES;
				CLANG_WARN_UNGUARDED_AVAILABILITY = YES_AGGRESSIVE;
				CLANG_WARN_UNREACHABLE_CODE = YES;
				CLANG_WARN__DUPLICATE_METHOD_MATCH = YES;
				COPY_PHASE_STRIP = NO;
				DEBUG_INFORMATION_FORMAT = dwarf;
				ENABLE_STRICT_OBJC_MSGSEND = YES;
				ENABLE_TESTABILITY = YES;
				GCC_C_LANGUAGE_STANDARD = gnu11;
				GCC_DYNAMIC_NO_PIC = NO;
				GCC_NO_COMMON_BLOCKS = YES;
				GCC_OPTIMIZATION_LEVEL = 0;
				GCC_PREPROCESSOR_DEFINITIONS = (
					"DEBUG=1",
					"$(inherited)",
				);
				GCC_TREAT_WARNINGS_AS_ERRORS = YES;
				GCC_WARN_64_TO_32_BIT_CONVERSION = YES;
				GCC_WARN_ABOUT_MISSING_NEWLINE = YES;
				GCC_WARN_ABOUT_RETURN_TYPE = YES_ERROR;
				GCC_WARN_INHIBIT_ALL_WARNINGS = YES;
				GCC_WARN_PEDANTIC = YES;
				GCC_WARN_UNDECLARED_SELECTOR = YES;
				GCC_WARN_UNINITIALIZED_AUTOS = YES_AGGRESSIVE;
				GCC_WARN_UNUSED_FUNCTION = YES;
				GCC_WARN_UNUSED_VARIABLE = YES;
				IPHONEOS_DEPLOYMENT_TARGET = 15.5;
				MTL_ENABLE_DEBUG_INFO = INCLUDE_SOURCE;
				MTL_FAST_MATH = YES;
				ONLY_ACTIVE_ARCH = YES;
				RUN_CLANG_STATIC_ANALYZER = YES;
				RUN_DOCUMENTATION_COMPILER = YES;
				SDKROOT = iphoneos;
				SWIFT_ACTIVE_COMPILATION_CONDITIONS = DEBUG;
				SWIFT_OPTIMIZATION_LEVEL = "-Onone";
				SWIFT_OPTIMIZE_OBJECT_LIFETIME = YES;
				SWIFT_TREAT_WARNINGS_AS_ERRORS = YES;
				VALIDATE_WORKSPACE = YES;
			};
			name = Debug;
		};
		F8D2D29B2831587E00DD03F1 /* Release */ = {
			isa = XCBuildConfiguration;
			buildSettings = {
				ALWAYS_SEARCH_USER_PATHS = NO;
				CLANG_ANALYZER_GCD_PERFORMANCE = YES;
				CLANG_ANALYZER_NONNULL = YES;
				CLANG_ANALYZER_NUMBER_OBJECT_CONVERSION = YES_AGGRESSIVE;
				CLANG_CXX_LANGUAGE_STANDARD = "gnu++17";
				CLANG_ENABLE_MODULES = YES;
				CLANG_ENABLE_OBJC_ARC = YES;
				CLANG_ENABLE_OBJC_WEAK = YES;
				CLANG_TIDY_BUGPRONE_REDUNDANT_BRANCH_CONDITION = YES;
				CLANG_TIDY_MISC_REDUNDANT_EXPRESSION = YES;
				CLANG_WARN_BLOCK_CAPTURE_AUTORELEASING = YES;
				CLANG_WARN_BOOL_CONVERSION = YES;
				CLANG_WARN_COMMA = YES;
				CLANG_WARN_CONSTANT_CONVERSION = YES;
				CLANG_WARN_DEPRECATED_OBJC_IMPLEMENTATIONS = YES;
				CLANG_WARN_DIRECT_OBJC_ISA_USAGE = YES_ERROR;
				CLANG_WARN_DOCUMENTATION_COMMENTS = YES;
				CLANG_WARN_EMPTY_BODY = YES;
				CLANG_WARN_ENUM_CONVERSION = YES;
				CLANG_WARN_INFINITE_RECURSION = YES;
				CLANG_WARN_INT_CONVERSION = YES;
				CLANG_WARN_NON_LITERAL_NULL_CONVERSION = YES;
				CLANG_WARN_OBJC_IMPLICIT_RETAIN_SELF = YES;
				CLANG_WARN_OBJC_LITERAL_CONVERSION = YES;
				CLANG_WARN_OBJC_ROOT_CLASS = YES_ERROR;
				CLANG_WARN_QUOTED_INCLUDE_IN_FRAMEWORK_HEADER = YES;
				CLANG_WARN_RANGE_LOOP_ANALYSIS = YES;
				CLANG_WARN_STRICT_PROTOTYPES = YES;
				CLANG_WARN_SUSPICIOUS_MOVE = YES;
				CLANG_WARN_UNGUARDED_AVAILABILITY = YES_AGGRESSIVE;
				CLANG_WARN_UNREACHABLE_CODE = YES;
				CLANG_WARN__DUPLICATE_METHOD_MATCH = YES;
				COPY_PHASE_STRIP = NO;
				DEBUG_INFORMATION_FORMAT = "dwarf-with-dsym";
				ENABLE_NS_ASSERTIONS = NO;
				ENABLE_STRICT_OBJC_MSGSEND = YES;
				GCC_C_LANGUAGE_STANDARD = gnu11;
				GCC_NO_COMMON_BLOCKS = YES;
				GCC_TREAT_WARNINGS_AS_ERRORS = YES;
				GCC_WARN_64_TO_32_BIT_CONVERSION = YES;
				GCC_WARN_ABOUT_MISSING_NEWLINE = YES;
				GCC_WARN_ABOUT_RETURN_TYPE = YES_ERROR;
				GCC_WARN_INHIBIT_ALL_WARNINGS = YES;
				GCC_WARN_PEDANTIC = YES;
				GCC_WARN_UNDECLARED_SELECTOR = YES;
				GCC_WARN_UNINITIALIZED_AUTOS = YES_AGGRESSIVE;
				GCC_WARN_UNUSED_FUNCTION = YES;
				GCC_WARN_UNUSED_VARIABLE = YES;
				IPHONEOS_DEPLOYMENT_TARGET = 15.5;
				MTL_ENABLE_DEBUG_INFO = NO;
				MTL_FAST_MATH = YES;
				RUN_CLANG_STATIC_ANALYZER = YES;
				RUN_DOCUMENTATION_COMPILER = YES;
				SDKROOT = iphoneos;
				SWIFT_COMPILATION_MODE = wholemodule;
				SWIFT_OPTIMIZATION_LEVEL = "-O";
				SWIFT_OPTIMIZE_OBJECT_LIFETIME = YES;
				SWIFT_TREAT_WARNINGS_AS_ERRORS = YES;
				VALIDATE_PRODUCT = YES;
				VALIDATE_WORKSPACE = YES;
			};
			name = Release;
		};
		F8D2D29D2831587E00DD03F1 /* Debug */ = {
			isa = XCBuildConfiguration;
			buildSettings = {
				ASSETCATALOG_COMPILER_APPICON_NAME = AppIcon;
				ASSETCATALOG_COMPILER_GLOBAL_ACCENT_COLOR_NAME = AccentColor;
				CLANG_ANALYZER_LOCALIZABILITY_EMPTY_CONTEXT = YES;
				CLANG_ANALYZER_LOCALIZABILITY_NONLOCALIZED = YES;
				CODE_SIGN_STYLE = Automatic;
				CURRENT_PROJECT_VERSION = 1;
				GENERATE_INFOPLIST_FILE = YES;
				INFOPLIST_FILE = Sources/Resources/Info.plist;
				INFOPLIST_KEY_CFBundleDisplayName = Heron;
				INFOPLIST_KEY_UIApplicationSupportsIndirectInputEvents = YES;
				INFOPLIST_KEY_UILaunchStoryboardName = LaunchScreen;
				INFOPLIST_KEY_UISupportedInterfaceOrientations = UIInterfaceOrientationPortrait;
				INFOPLIST_KEY_UISupportedInterfaceOrientations_iPad = "UIInterfaceOrientationPortrait UIInterfaceOrientationPortraitUpsideDown UIInterfaceOrientationLandscapeLeft UIInterfaceOrientationLandscapeRight";
				INFOPLIST_KEY_UISupportedInterfaceOrientations_iPhone = "UIInterfaceOrientationPortrait UIInterfaceOrientationLandscapeLeft UIInterfaceOrientationLandscapeRight";
				LD_RUNPATH_SEARCH_PATHS = (
					"$(inherited)",
					"@executable_path/Frameworks",
				);
				MARKETING_VERSION = 0.0.1;
				PRODUCT_BUNDLE_IDENTIFIER = co.zwett.heron;
				PRODUCT_NAME = "$(TARGET_NAME)";
				SWIFT_EMIT_LOC_STRINGS = YES;
				SWIFT_VERSION = 5.0;
				TARGETED_DEVICE_FAMILY = 1;
				VERSIONING_SYSTEM = "apple-generic";
			};
			name = Debug;
		};
		F8D2D29E2831587E00DD03F1 /* Release */ = {
			isa = XCBuildConfiguration;
			buildSettings = {
				ASSETCATALOG_COMPILER_APPICON_NAME = AppIcon;
				ASSETCATALOG_COMPILER_GLOBAL_ACCENT_COLOR_NAME = AccentColor;
				CLANG_ANALYZER_LOCALIZABILITY_EMPTY_CONTEXT = YES;
				CLANG_ANALYZER_LOCALIZABILITY_NONLOCALIZED = YES;
				CODE_SIGN_STYLE = Automatic;
				CURRENT_PROJECT_VERSION = 1;
				GENERATE_INFOPLIST_FILE = YES;
				INFOPLIST_FILE = Sources/Resources/Info.plist;
				INFOPLIST_KEY_CFBundleDisplayName = Heron;
				INFOPLIST_KEY_UIApplicationSupportsIndirectInputEvents = YES;
				INFOPLIST_KEY_UILaunchStoryboardName = LaunchScreen;
				INFOPLIST_KEY_UISupportedInterfaceOrientations = UIInterfaceOrientationPortrait;
				INFOPLIST_KEY_UISupportedInterfaceOrientations_iPad = "UIInterfaceOrientationPortrait UIInterfaceOrientationPortraitUpsideDown UIInterfaceOrientationLandscapeLeft UIInterfaceOrientationLandscapeRight";
				INFOPLIST_KEY_UISupportedInterfaceOrientations_iPhone = "UIInterfaceOrientationPortrait UIInterfaceOrientationLandscapeLeft UIInterfaceOrientationLandscapeRight";
				LD_RUNPATH_SEARCH_PATHS = (
					"$(inherited)",
					"@executable_path/Frameworks",
				);
				MARKETING_VERSION = 0.0.1;
				PRODUCT_BUNDLE_IDENTIFIER = co.zwett.heron;
				PRODUCT_NAME = "$(TARGET_NAME)";
				SWIFT_EMIT_LOC_STRINGS = YES;
				SWIFT_VERSION = 5.0;
				TARGETED_DEVICE_FAMILY = 1;
				VERSIONING_SYSTEM = "apple-generic";
			};
			name = Release;
		};
		F8D2D2A02831587E00DD03F1 /* Debug */ = {
			isa = XCBuildConfiguration;
			buildSettings = {
				ALWAYS_EMBED_SWIFT_STANDARD_LIBRARIES = YES;
				BUNDLE_LOADER = "$(TEST_HOST)";
				CODE_SIGN_STYLE = Automatic;
				CURRENT_PROJECT_VERSION = 1;
				GENERATE_INFOPLIST_FILE = YES;
				IPHONEOS_DEPLOYMENT_TARGET = 15.5;
				MARKETING_VERSION = 1.0;
				PRODUCT_BUNDLE_IDENTIFIER = co.zwett.HeronTests;
				PRODUCT_NAME = "$(TARGET_NAME)";
				SWIFT_EMIT_LOC_STRINGS = NO;
				SWIFT_VERSION = 5.0;
				TARGETED_DEVICE_FAMILY = "1,2";
				TEST_HOST = "$(BUILT_PRODUCTS_DIR)/Heron.app/Heron";
			};
			name = Debug;
		};
		F8D2D2A12831587E00DD03F1 /* Release */ = {
			isa = XCBuildConfiguration;
			buildSettings = {
				ALWAYS_EMBED_SWIFT_STANDARD_LIBRARIES = YES;
				BUNDLE_LOADER = "$(TEST_HOST)";
				CODE_SIGN_STYLE = Automatic;
				CURRENT_PROJECT_VERSION = 1;
				GENERATE_INFOPLIST_FILE = YES;
				IPHONEOS_DEPLOYMENT_TARGET = 15.5;
				MARKETING_VERSION = 1.0;
				PRODUCT_BUNDLE_IDENTIFIER = co.zwett.HeronTests;
				PRODUCT_NAME = "$(TARGET_NAME)";
				SWIFT_EMIT_LOC_STRINGS = NO;
				SWIFT_VERSION = 5.0;
				TARGETED_DEVICE_FAMILY = "1,2";
				TEST_HOST = "$(BUILT_PRODUCTS_DIR)/Heron.app/Heron";
			};
			name = Release;
		};
		F8D2D2A32831587E00DD03F1 /* Debug */ = {
			isa = XCBuildConfiguration;
			buildSettings = {
				ALWAYS_EMBED_SWIFT_STANDARD_LIBRARIES = YES;
				CODE_SIGN_STYLE = Automatic;
				CURRENT_PROJECT_VERSION = 1;
				GENERATE_INFOPLIST_FILE = YES;
				MARKETING_VERSION = 1.0;
				PRODUCT_BUNDLE_IDENTIFIER = co.zwett.HeronUITests;
				PRODUCT_NAME = "$(TARGET_NAME)";
				SWIFT_EMIT_LOC_STRINGS = NO;
				SWIFT_VERSION = 5.0;
				TARGETED_DEVICE_FAMILY = "1,2";
				TEST_TARGET_NAME = Heron;
			};
			name = Debug;
		};
		F8D2D2A42831587E00DD03F1 /* Release */ = {
			isa = XCBuildConfiguration;
			buildSettings = {
				ALWAYS_EMBED_SWIFT_STANDARD_LIBRARIES = YES;
				CODE_SIGN_STYLE = Automatic;
				CURRENT_PROJECT_VERSION = 1;
				GENERATE_INFOPLIST_FILE = YES;
				MARKETING_VERSION = 1.0;
				PRODUCT_BUNDLE_IDENTIFIER = co.zwett.HeronUITests;
				PRODUCT_NAME = "$(TARGET_NAME)";
				SWIFT_EMIT_LOC_STRINGS = NO;
				SWIFT_VERSION = 5.0;
				TARGETED_DEVICE_FAMILY = "1,2";
				TEST_TARGET_NAME = Heron;
			};
			name = Release;
		};
/* End XCBuildConfiguration section */

/* Begin XCConfigurationList section */
		F8D2D26D2831587D00DD03F1 /* Build configuration list for PBXProject "Heron" */ = {
			isa = XCConfigurationList;
			buildConfigurations = (
				F8D2D29A2831587E00DD03F1 /* Debug */,
				F8D2D29B2831587E00DD03F1 /* Release */,
			);
			defaultConfigurationIsVisible = 0;
			defaultConfigurationName = Release;
		};
		F8D2D29C2831587E00DD03F1 /* Build configuration list for PBXNativeTarget "Heron" */ = {
			isa = XCConfigurationList;
			buildConfigurations = (
				F8D2D29D2831587E00DD03F1 /* Debug */,
				F8D2D29E2831587E00DD03F1 /* Release */,
			);
			defaultConfigurationIsVisible = 0;
			defaultConfigurationName = Release;
		};
		F8D2D29F2831587E00DD03F1 /* Build configuration list for PBXNativeTarget "HeronTests" */ = {
			isa = XCConfigurationList;
			buildConfigurations = (
				F8D2D2A02831587E00DD03F1 /* Debug */,
				F8D2D2A12831587E00DD03F1 /* Release */,
			);
			defaultConfigurationIsVisible = 0;
			defaultConfigurationName = Release;
		};
		F8D2D2A22831587E00DD03F1 /* Build configuration list for PBXNativeTarget "HeronUITests" */ = {
			isa = XCConfigurationList;
			buildConfigurations = (
				F8D2D2A32831587E00DD03F1 /* Debug */,
				F8D2D2A42831587E00DD03F1 /* Release */,
			);
			defaultConfigurationIsVisible = 0;
			defaultConfigurationName = Release;
		};
/* End XCConfigurationList section */
	};
	rootObject = F8D2D26A2831587D00DD03F1 /* Project object */;
}
